
Microsoft Visual Studio Solution File, Format Version 12.00
# Visual Studio Version 16
VisualStudioVersion = 16.0.31624.102
MinimumVisualStudioVersion = 10.0.40219.1
Project("{8BC9CEB8-8B4A-11D0-8D11-00A0C91BC942}") = "firstLaba", "firstLaba\firstLaba.vcxproj", "{32F5544C-2D7B-4C84-9C57-F65389C98CEF}"
EndProject
Project("{8BC9CEB8-8B4A-11D0-8D11-00A0C91BC942}") = "UnitTest1", "UnitTest1\UnitTest1.vcxproj", "{A625B339-CC01-4E48-BA4A-E1B5C6107013}"
EndProject
Global
	GlobalSection(SolutionConfigurationPlatforms) = preSolution
		Debug|x64 = Debug|x64
		Debug|x86 = Debug|x86
		Release|x64 = Release|x64
		Release|x86 = Release|x86
	EndGlobalSection
	GlobalSection(ProjectConfigurationPlatforms) = postSolution
		{32F5544C-2D7B-4C84-9C57-F65389C98CEF}.Debug|x64.ActiveCfg = Debug|x64
		{32F5544C-2D7B-4C84-9C57-F65389C98CEF}.Debug|x64.Build.0 = Debug|x64
		{32F5544C-2D7B-4C84-9C57-F65389C98CEF}.Debug|x86.ActiveCfg = Debug|Win32
		{32F5544C-2D7B-4C84-9C57-F65389C98CEF}.Debug|x86.Build.0 = Debug|Win32
		{32F5544C-2D7B-4C84-9C57-F65389C98CEF}.Release|x64.ActiveCfg = Release|x64
		{32F5544C-2D7B-4C84-9C57-F65389C98CEF}.Release|x64.Build.0 = Release|x64
		{32F5544C-2D7B-4C84-9C57-F65389C98CEF}.Release|x86.ActiveCfg = Release|Win32
		{32F5544C-2D7B-4C84-9C57-F65389C98CEF}.Release|x86.Build.0 = Release|Win32
		{A625B339-CC01-4E48-BA4A-E1B5C6107013}.Debug|x64.ActiveCfg = Debug|x64
		{A625B339-CC01-4E48-BA4A-E1B5C6107013}.Debug|x64.Build.0 = Debug|x64
		{A625B339-CC01-4E48-BA4A-E1B5C6107013}.Debug|x86.ActiveCfg = Debug|Win32
		{A625B339-CC01-4E48-BA4A-E1B5C6107013}.Debug|x86.Build.0 = Debug|Win32
		{A625B339-CC01-4E48-BA4A-E1B5C6107013}.Release|x64.ActiveCfg = Release|x64
		{A625B339-CC01-4E48-BA4A-E1B5C6107013}.Release|x64.Build.0 = Release|x64
		{A625B339-CC01-4E48-BA4A-E1B5C6107013}.Release|x86.ActiveCfg = Release|Win32
		{A625B339-CC01-4E48-BA4A-E1B5C6107013}.Release|x86.Build.0 = Release|Win32
	EndGlobalSection
	GlobalSection(SolutionProperties) = preSolution
		HideSolutionNode = FALSE
	EndGlobalSection
	GlobalSection(ExtensibilityGlobals) = postSolution
		SolutionGuid = {6A2E4FCF-32ED-4A37-8BCF-2B9E56786DB5}
	EndGlobalSection
EndGlobal
